
Microsoft Visual Studio Solution File, Format Version 12.00
# Visual Studio Version 16
VisualStudioVersion = 16.0.34031.81
MinimumVisualStudioVersion = 10.0.40219.1
Project("{2150E333-8FDC-42A3-9474-1A3956D46DE8}") = "NewFolder1", "NewFolder1", "{3498ED5C-F423-4495-81C1-3AC1CA89C364}"
EndProject
Project("{2150E333-8FDC-42A3-9474-1A3956D46DE8}") = "Task0", "Task0", "{81C4EAD3-D52A-42E4-9267-4DB4078CA5DA}"
EndProject
Project("{FAE04EC0-301F-11D3-BF4B-00C04F79EFBC}") = "Tyuiu.ZainagabdinovR.A.Sprint0.Task0.V0", "Tyuiu.ZainagabdinovR.A.Sprint0.Task0.V0\Tyuiu.ZainagabdinovR.A.Sprint0.Task0.V0.csproj", "{279C5605-402C-4DE5-B3CF-CA137B759E32}"
EndProject
Project("{2150E333-8FDC-42A3-9474-1A3956D46DE8}") = "Task1", "Task1", "{B35B8938-CBB1-4BF0-A49A-8A663D2C30E0}"
EndProject
Project("{FAE04EC0-301F-11D3-BF4B-00C04F79EFBC}") = "Tyuiu.ZainagabdinovR.A.Sprint0.Task1.V0", "Tyuiu.ZainagabdinovR.A.Sprint0.Task1.V0\Tyuiu.ZainagabdinovR.A.Sprint0.Task1.V0.csproj", "{89302DC1-5B29-4E5B-9C23-F693AA901129}"
EndProject
Project("{2150E333-8FDC-42A3-9474-1A3956D46DE8}") = "Task2", "Task2", "{C335AB78-BFCA-4524-A253-051A7D794763}"
EndProject
Project("{FAE04EC0-301F-11D3-BF4B-00C04F79EFBC}") = "Tyuiu.ZainagabdinovR.A.Sprint0.Task2.V0", "Tyuiu.ZainagabdinovR.A.Sprint0.Task2.V0\Tyuiu.ZainagabdinovR.A.Sprint0.Task2.V0.csproj", "{3710DADF-2AD7-43DB-839B-E05CE72D0E84}"
EndProject
Project("{FAE04EC0-301F-11D3-BF4B-00C04F79EFBC}") = "Tyuiu.ZainagabdinovR.A.Sprint0.Task2.V0.Lib", "Tyuiu.ZainagabdinovR.A.Sprint0.Task2.V0.Lib\Tyuiu.ZainagabdinovR.A.Sprint0.Task2.V0.Lib.csproj", "{FD9DEF10-D541-4803-BA30-F3C55EAC683F}"
EndProject
Project("{FAE04EC0-301F-11D3-BF4B-00C04F79EFBC}") = "Tyuiu.ZainagabdinovR.A.Sprint0.Task2.V0.Test", "Tyuiu.ZainagabdinovR.A.Sprint0.Task2.V0.Test\Tyuiu.ZainagabdinovR.A.Sprint0.Task2.V0.Test.csproj", "{ACDE2027-EC2D-4DC1-9FE4-D71BABC68ABD}"
EndProject
Project("{2150E333-8FDC-42A3-9474-1A3956D46DE8}") = "Task3", "Task3", "{E12DCE52-A071-454D-B146-9CDD10C190C1}"
EndProject
Project("{FAE04EC0-301F-11D3-BF4B-00C04F79EFBC}") = "Tyuiu.ZainagabdinovR.A.Sprint0.Task3.V0", "Tyuiu.ZainagabdinovR.A.Sprint0.Task3.V0\Tyuiu.ZainagabdinovR.A.Sprint0.Task3.V0.csproj", "{563769E1-4BB4-476F-9833-B509920B5F35}"
EndProject
Project("{FAE04EC0-301F-11D3-BF4B-00C04F79EFBC}") = "Tyuiu.ZainagabdinovR.A.Sprint0.Task3.V0.Lib", "Tyuiu.ZainagabdinovR.A.Sprint0.Task3.V0.Lib\Tyuiu.ZainagabdinovR.A.Sprint0.Task3.V0.Lib.csproj", "{30828274-BA74-446D-A02E-F9741BB6AA3D}"
EndProject
Project("{FAE04EC0-301F-11D3-BF4B-00C04F79EFBC}") = "Tyuiu.ZainagabdinovR.A.Sprint0.Task3.V0.Test", "Tyuiu.ZainagabdinovR.A.Sprint0.Task3.V0.Test\Tyuiu.ZainagabdinovR.A.Sprint0.Task3.V0.Test.csproj", "{A8A98D7E-3E79-4648-9FF8-70618246103D}"
EndProject
Project("{2150E333-8FDC-42A3-9474-1A3956D46DE8}") = "Task4", "Task4", "{FFB34452-60CE-4663-A9DE-DA87F1AB2386}"
EndProject
Project("{FAE04EC0-301F-11D3-BF4B-00C04F79EFBC}") = "Tyuiu.ZainagabdinovR.A.Sprint0.Task4.V0", "Tyuiu.ZainagabdinovR.A.Sprint0.Task4.V0\Tyuiu.ZainagabdinovR.A.Sprint0.Task4.V0.csproj", "{1F80D473-933A-4B9D-87FB-360C4507F372}"
EndProject
Project("{FAE04EC0-301F-11D3-BF4B-00C04F79EFBC}") = "Tyuiu.ZainagabdinovR.A.Sprint0.Task4.V0.Lib", "Tyuiu.ZainagabdinovR.A.Sprint0.Task4.V0.Lib\Tyuiu.ZainagabdinovR.A.Sprint0.Task4.V0.Lib.csproj", "{FF2747AE-11DF-44F6-9D29-EE51E8C15075}"
EndProject
Project("{FAE04EC0-301F-11D3-BF4B-00C04F79EFBC}") = "Tyuiu.ZainagabdinovR.A.Sprint0.Task4.V0.Test", "Tyuiu.ZainagabdinovR.A.Sprint0.Task4.V0.Test\Tyuiu.ZainagabdinovR.A.Sprint0.Task4.V0.Test.csproj", "{8A9D4EEA-537F-4494-BA55-5E57A71FB3A9}"
EndProject
Project("{2150E333-8FDC-42A3-9474-1A3956D46DE8}") = "Task5", "Task5", "{E321F2BB-7161-416F-AC49-DAACCE3D9423}"
EndProject
Project("{FAE04EC0-301F-11D3-BF4B-00C04F79EFBC}") = "Tyuiu.ZainagabdinovR.A.Sprint0.Task5.V0", "Tyuiu.ZainagabdinovR.A.Sprint0.Task5.V0\Tyuiu.ZainagabdinovR.A.Sprint0.Task5.V0.csproj", "{D01346CB-64FD-4119-88F0-94815C8B52A0}"
EndProject
Project("{FAE04EC0-301F-11D3-BF4B-00C04F79EFBC}") = "Tyuiu.ZainagabdinovR.A.Sprint0.Task5.V0.Lib", "Tyuiu.ZainagabdinovR.A.Sprint0.Task5.V0.Lib\Tyuiu.ZainagabdinovR.A.Sprint0.Task5.V0.Lib.csproj", "{D903AB2A-8790-4991-9638-7C5184994863}"
EndProject
Project("{FAE04EC0-301F-11D3-BF4B-00C04F79EFBC}") = "Tyuiu.ZainagabdinovR.A.Sprint0.Task5.V0.Test", "Tyuiu.ZainagabdinovR.A.Sprint0.Task5.V0.Test\Tyuiu.ZainagabdinovR.A.Sprint0.Task5.V0.Test.csproj", "{C18509A2-2F96-48B8-B62C-037B25A8E117}"
EndProject
Project("{2150E333-8FDC-42A3-9474-1A3956D46DE8}") = "Task6", "Task6", "{4C9A3E86-1EDC-4A0D-905B-81D1CE2982FE}"
EndProject
Project("{FAE04EC0-301F-11D3-BF4B-00C04F79EFBC}") = "Tyuiu.ZainagabdinovR.A.Sprint0.Task6.V0", "Tyuiu.ZainagabdinovR.A.Sprint0.Task6.V0\Tyuiu.ZainagabdinovR.A.Sprint0.Task6.V0.csproj", "{E2E21DB4-0C18-4BCC-85EB-0517F02963DA}"
EndProject
Project("{FAE04EC0-301F-11D3-BF4B-00C04F79EFBC}") = "Tyuiu.ZainagabdinovR.A.Sprint0.Task6.V0.Lib", "Tyuiu.ZainagabdinovR.A.Sprint0.Task6.V0.Lib\Tyuiu.ZainagabdinovR.A.Sprint0.Task6.V0.Lib.csproj", "{BAA419F3-5D1C-46B4-B623-45007B981414}"
EndProject
Project("{FAE04EC0-301F-11D3-BF4B-00C04F79EFBC}") = "Tyuiu.ZainagabdinovR.A.Sprint0.Task6.V0.Test", "Tyuiu.ZainagabdinovR.A.Sprint0.Task6.V0.Test\Tyuiu.ZainagabdinovR.A.Sprint0.Task6.V0.Test.csproj", "{CFECDABB-0274-4277-99E3-46C99FEBBDB1}"
EndProject
Project("{2150E333-8FDC-42A3-9474-1A3956D46DE8}") = "Task7", "Task7", "{00E885D1-9759-4BBF-8A9A-1C119CBAB232}"
EndProject
Project("{FAE04EC0-301F-11D3-BF4B-00C04F79EFBC}") = "Tyuiu.ZainagabdinovR.A.Sprint0.Task7.V0", "Tyuiu.ZainagabdinovR.A.Sprint0.Task7.V0\Tyuiu.ZainagabdinovR.A.Sprint0.Task7.V0.csproj", "{1FD257C1-2CC1-4A06-AE84-C9AA484686E0}"
EndProject
Project("{FAE04EC0-301F-11D3-BF4B-00C04F79EFBC}") = "Tyuiu.ZainagabdinovR.A.Sprint0.Task7.V0.Lib", "Tyuiu.ZainagabdinovR.A.Sprint0.Task7.V0.Lib\Tyuiu.ZainagabdinovR.A.Sprint0.Task7.V0.Lib.csproj", "{3A8B9631-1686-4319-A28C-A216149DA3AE}"
EndProject
Project("{FAE04EC0-301F-11D3-BF4B-00C04F79EFBC}") = "Tyuiu.ZainagabdinovR.A.Sprint0.Task7.V0.Test", "Tyuiu.ZainagabdinovR.A.Sprint0.Task7.V0.Test\Tyuiu.ZainagabdinovR.A.Sprint0.Task7.V0.Test.csproj", "{E207E1D4-7C3D-4A00-9660-D622D457B3FA}"
EndProject
Global
	GlobalSection(SolutionConfigurationPlatforms) = preSolution
		Debug|Any CPU = Debug|Any CPU
		Release|Any CPU = Release|Any CPU
	EndGlobalSection
	GlobalSection(ProjectConfigurationPlatforms) = postSolution
		{279C5605-402C-4DE5-B3CF-CA137B759E32}.Debug|Any CPU.ActiveCfg = Debug|Any CPU
		{279C5605-402C-4DE5-B3CF-CA137B759E32}.Debug|Any CPU.Build.0 = Debug|Any CPU
		{279C5605-402C-4DE5-B3CF-CA137B759E32}.Release|Any CPU.ActiveCfg = Release|Any CPU
		{279C5605-402C-4DE5-B3CF-CA137B759E32}.Release|Any CPU.Build.0 = Release|Any CPU
		{89302DC1-5B29-4E5B-9C23-F693AA901129}.Debug|Any CPU.ActiveCfg = Debug|Any CPU
		{89302DC1-5B29-4E5B-9C23-F693AA901129}.Debug|Any CPU.Build.0 = Debug|Any CPU
		{89302DC1-5B29-4E5B-9C23-F693AA901129}.Release|Any CPU.ActiveCfg = Release|Any CPU
		{89302DC1-5B29-4E5B-9C23-F693AA901129}.Release|Any CPU.Build.0 = Release|Any CPU
		{3710DADF-2AD7-43DB-839B-E05CE72D0E84}.Debug|Any CPU.ActiveCfg = Debug|Any CPU
		{3710DADF-2AD7-43DB-839B-E05CE72D0E84}.Debug|Any CPU.Build.0 = Debug|Any CPU
		{3710DADF-2AD7-43DB-839B-E05CE72D0E84}.Release|Any CPU.ActiveCfg = Release|Any CPU
		{3710DADF-2AD7-43DB-839B-E05CE72D0E84}.Release|Any CPU.Build.0 = Release|Any CPU
		{FD9DEF10-D541-4803-BA30-F3C55EAC683F}.Debug|Any CPU.ActiveCfg = Debug|Any CPU
		{FD9DEF10-D541-4803-BA30-F3C55EAC683F}.Debug|Any CPU.Build.0 = Debug|Any CPU
		{FD9DEF10-D541-4803-BA30-F3C55EAC683F}.Release|Any CPU.ActiveCfg = Release|Any CPU
		{FD9DEF10-D541-4803-BA30-F3C55EAC683F}.Release|Any CPU.Build.0 = Release|Any CPU
		{ACDE2027-EC2D-4DC1-9FE4-D71BABC68ABD}.Debug|Any CPU.ActiveCfg = Debug|Any CPU
		{ACDE2027-EC2D-4DC1-9FE4-D71BABC68ABD}.Debug|Any CPU.Build.0 = Debug|Any CPU
		{ACDE2027-EC2D-4DC1-9FE4-D71BABC68ABD}.Release|Any CPU.ActiveCfg = Release|Any CPU
		{ACDE2027-EC2D-4DC1-9FE4-D71BABC68ABD}.Release|Any CPU.Build.0 = Release|Any CPU
		{563769E1-4BB4-476F-9833-B509920B5F35}.Debug|Any CPU.ActiveCfg = Debug|Any CPU
		{563769E1-4BB4-476F-9833-B509920B5F35}.Debug|Any CPU.Build.0 = Debug|Any CPU
		{563769E1-4BB4-476F-9833-B509920B5F35}.Release|Any CPU.ActiveCfg = Release|Any CPU
		{563769E1-4BB4-476F-9833-B509920B5F35}.Release|Any CPU.Build.0 = Release|Any CPU
		{30828274-BA74-446D-A02E-F9741BB6AA3D}.Debug|Any CPU.ActiveCfg = Debug|Any CPU
		{30828274-BA74-446D-A02E-F9741BB6AA3D}.Debug|Any CPU.Build.0 = Debug|Any CPU
		{30828274-BA74-446D-A02E-F9741BB6AA3D}.Release|Any CPU.ActiveCfg = Release|Any CPU
		{30828274-BA74-446D-A02E-F9741BB6AA3D}.Release|Any CPU.Build.0 = Release|Any CPU
		{A8A98D7E-3E79-4648-9FF8-70618246103D}.Debug|Any CPU.ActiveCfg = Debug|Any CPU
		{A8A98D7E-3E79-4648-9FF8-70618246103D}.Debug|Any CPU.Build.0 = Debug|Any CPU
		{A8A98D7E-3E79-4648-9FF8-70618246103D}.Release|Any CPU.ActiveCfg = Release|Any CPU
		{A8A98D7E-3E79-4648-9FF8-70618246103D}.Release|Any CPU.Build.0 = Release|Any CPU
		{1F80D473-933A-4B9D-87FB-360C4507F372}.Debug|Any CPU.ActiveCfg = Debug|Any CPU
		{1F80D473-933A-4B9D-87FB-360C4507F372}.Debug|Any CPU.Build.0 = Debug|Any CPU
		{1F80D473-933A-4B9D-87FB-360C4507F372}.Release|Any CPU.ActiveCfg = Release|Any CPU
		{1F80D473-933A-4B9D-87FB-360C4507F372}.Release|Any CPU.Build.0 = Release|Any CPU
		{FF2747AE-11DF-44F6-9D29-EE51E8C15075}.Debug|Any CPU.ActiveCfg = Debug|Any CPU
		{FF2747AE-11DF-44F6-9D29-EE51E8C15075}.Debug|Any CPU.Build.0 = Debug|Any CPU
		{FF2747AE-11DF-44F6-9D29-EE51E8C15075}.Release|Any CPU.ActiveCfg = Release|Any CPU
		{FF2747AE-11DF-44F6-9D29-EE51E8C15075}.Release|Any CPU.Build.0 = Release|Any CPU
		{8A9D4EEA-537F-4494-BA55-5E57A71FB3A9}.Debug|Any CPU.ActiveCfg = Debug|Any CPU
		{8A9D4EEA-537F-4494-BA55-5E57A71FB3A9}.Debug|Any CPU.Build.0 = Debug|Any CPU
		{8A9D4EEA-537F-4494-BA55-5E57A71FB3A9}.Release|Any CPU.ActiveCfg = Release|Any CPU
		{8A9D4EEA-537F-4494-BA55-5E57A71FB3A9}.Release|Any CPU.Build.0 = Release|Any CPU
		{D01346CB-64FD-4119-88F0-94815C8B52A0}.Debug|Any CPU.ActiveCfg = Debug|Any CPU
		{D01346CB-64FD-4119-88F0-94815C8B52A0}.Debug|Any CPU.Build.0 = Debug|Any CPU
		{D01346CB-64FD-4119-88F0-94815C8B52A0}.Release|Any CPU.ActiveCfg = Release|Any CPU
		{D01346CB-64FD-4119-88F0-94815C8B52A0}.Release|Any CPU.Build.0 = Release|Any CPU
		{D903AB2A-8790-4991-9638-7C5184994863}.Debug|Any CPU.ActiveCfg = Debug|Any CPU
		{D903AB2A-8790-4991-9638-7C5184994863}.Debug|Any CPU.Build.0 = Debug|Any CPU
		{D903AB2A-8790-4991-9638-7C5184994863}.Release|Any CPU.ActiveCfg = Release|Any CPU
		{D903AB2A-8790-4991-9638-7C5184994863}.Release|Any CPU.Build.0 = Release|Any CPU
		{C18509A2-2F96-48B8-B62C-037B25A8E117}.Debug|Any CPU.ActiveCfg = Debug|Any CPU
		{C18509A2-2F96-48B8-B62C-037B25A8E117}.Debug|Any CPU.Build.0 = Debug|Any CPU
		{C18509A2-2F96-48B8-B62C-037B25A8E117}.Release|Any CPU.ActiveCfg = Release|Any CPU
		{C18509A2-2F96-48B8-B62C-037B25A8E117}.Release|Any CPU.Build.0 = Release|Any CPU
		{E2E21DB4-0C18-4BCC-85EB-0517F02963DA}.Debug|Any CPU.ActiveCfg = Debug|Any CPU
		{E2E21DB4-0C18-4BCC-85EB-0517F02963DA}.Debug|Any CPU.Build.0 = Debug|Any CPU
		{E2E21DB4-0C18-4BCC-85EB-0517F02963DA}.Release|Any CPU.ActiveCfg = Release|Any CPU
		{E2E21DB4-0C18-4BCC-85EB-0517F02963DA}.Release|Any CPU.Build.0 = Release|Any CPU
		{BAA419F3-5D1C-46B4-B623-45007B981414}.Debug|Any CPU.ActiveCfg = Debug|Any CPU
		{BAA419F3-5D1C-46B4-B623-45007B981414}.Debug|Any CPU.Build.0 = Debug|Any CPU
		{BAA419F3-5D1C-46B4-B623-45007B981414}.Release|Any CPU.ActiveCfg = Release|Any CPU
		{BAA419F3-5D1C-46B4-B623-45007B981414}.Release|Any CPU.Build.0 = Release|Any CPU
		{CFECDABB-0274-4277-99E3-46C99FEBBDB1}.Debug|Any CPU.ActiveCfg = Debug|Any CPU
		{CFECDABB-0274-4277-99E3-46C99FEBBDB1}.Debug|Any CPU.Build.0 = Debug|Any CPU
		{CFECDABB-0274-4277-99E3-46C99FEBBDB1}.Release|Any CPU.ActiveCfg = Release|Any CPU
		{CFECDABB-0274-4277-99E3-46C99FEBBDB1}.Release|Any CPU.Build.0 = Release|Any CPU
		{1FD257C1-2CC1-4A06-AE84-C9AA484686E0}.Debug|Any CPU.ActiveCfg = Debug|Any CPU
		{1FD257C1-2CC1-4A06-AE84-C9AA484686E0}.Debug|Any CPU.Build.0 = Debug|Any CPU
		{1FD257C1-2CC1-4A06-AE84-C9AA484686E0}.Release|Any CPU.ActiveCfg = Release|Any CPU
		{1FD257C1-2CC1-4A06-AE84-C9AA484686E0}.Release|Any CPU.Build.0 = Release|Any CPU
		{3A8B9631-1686-4319-A28C-A216149DA3AE}.Debug|Any CPU.ActiveCfg = Debug|Any CPU
		{3A8B9631-1686-4319-A28C-A216149DA3AE}.Debug|Any CPU.Build.0 = Debug|Any CPU
		{3A8B9631-1686-4319-A28C-A216149DA3AE}.Release|Any CPU.ActiveCfg = Release|Any CPU
		{3A8B9631-1686-4319-A28C-A216149DA3AE}.Release|Any CPU.Build.0 = Release|Any CPU
		{E207E1D4-7C3D-4A00-9660-D622D457B3FA}.Debug|Any CPU.ActiveCfg = Debug|Any CPU
		{E207E1D4-7C3D-4A00-9660-D622D457B3FA}.Debug|Any CPU.Build.0 = Debug|Any CPU
		{E207E1D4-7C3D-4A00-9660-D622D457B3FA}.Release|Any CPU.ActiveCfg = Release|Any CPU
		{E207E1D4-7C3D-4A00-9660-D622D457B3FA}.Release|Any CPU.Build.0 = Release|Any CPU
	EndGlobalSection
	GlobalSection(SolutionProperties) = preSolution
		HideSolutionNode = FALSE
	EndGlobalSection
	GlobalSection(NestedProjects) = preSolution
		{279C5605-402C-4DE5-B3CF-CA137B759E32} = {81C4EAD3-D52A-42E4-9267-4DB4078CA5DA}
		{89302DC1-5B29-4E5B-9C23-F693AA901129} = {B35B8938-CBB1-4BF0-A49A-8A663D2C30E0}
		{3710DADF-2AD7-43DB-839B-E05CE72D0E84} = {C335AB78-BFCA-4524-A253-051A7D794763}
		{FD9DEF10-D541-4803-BA30-F3C55EAC683F} = {C335AB78-BFCA-4524-A253-051A7D794763}
		{ACDE2027-EC2D-4DC1-9FE4-D71BABC68ABD} = {C335AB78-BFCA-4524-A253-051A7D794763}
		{563769E1-4BB4-476F-9833-B509920B5F35} = {E12DCE52-A071-454D-B146-9CDD10C190C1}
		{30828274-BA74-446D-A02E-F9741BB6AA3D} = {E12DCE52-A071-454D-B146-9CDD10C190C1}
		{A8A98D7E-3E79-4648-9FF8-70618246103D} = {E12DCE52-A071-454D-B146-9CDD10C190C1}
		{1F80D473-933A-4B9D-87FB-360C4507F372} = {FFB34452-60CE-4663-A9DE-DA87F1AB2386}
		{FF2747AE-11DF-44F6-9D29-EE51E8C15075} = {FFB34452-60CE-4663-A9DE-DA87F1AB2386}
		{8A9D4EEA-537F-4494-BA55-5E57A71FB3A9} = {FFB34452-60CE-4663-A9DE-DA87F1AB2386}
		{D01346CB-64FD-4119-88F0-94815C8B52A0} = {E321F2BB-7161-416F-AC49-DAACCE3D9423}
		{D903AB2A-8790-4991-9638-7C5184994863} = {E321F2BB-7161-416F-AC49-DAACCE3D9423}
		{C18509A2-2F96-48B8-B62C-037B25A8E117} = {E321F2BB-7161-416F-AC49-DAACCE3D9423}
		{E2E21DB4-0C18-4BCC-85EB-0517F02963DA} = {4C9A3E86-1EDC-4A0D-905B-81D1CE2982FE}
		{BAA419F3-5D1C-46B4-B623-45007B981414} = {4C9A3E86-1EDC-4A0D-905B-81D1CE2982FE}
		{CFECDABB-0274-4277-99E3-46C99FEBBDB1} = {4C9A3E86-1EDC-4A0D-905B-81D1CE2982FE}
		{1FD257C1-2CC1-4A06-AE84-C9AA484686E0} = {00E885D1-9759-4BBF-8A9A-1C119CBAB232}
		{3A8B9631-1686-4319-A28C-A216149DA3AE} = {00E885D1-9759-4BBF-8A9A-1C119CBAB232}
		{E207E1D4-7C3D-4A00-9660-D622D457B3FA} = {00E885D1-9759-4BBF-8A9A-1C119CBAB232}
	EndGlobalSection
	GlobalSection(ExtensibilityGlobals) = postSolution
		SolutionGuid = {4C5C3908-B327-4CBF-911D-581975FC49B2}
	EndGlobalSection
EndGlobal
