
Microsoft Visual Studio Solution File, Format Version 12.00
# Visual Studio Version 16
VisualStudioVersion = 16.0.34031.81
MinimumVisualStudioVersion = 10.0.40219.1
Project("{2150E333-8FDC-42A3-9474-1A3956D46DE8}") = "NewFolder1", "NewFolder1", "{3498ED5C-F423-4495-81C1-3AC1CA89C364}"
EndProject
Project("{2150E333-8FDC-42A3-9474-1A3956D46DE8}") = "Task0", "Task0", "{81C4EAD3-D52A-42E4-9267-4DB4078CA5DA}"
EndProject
Project("{FAE04EC0-301F-11D3-BF4B-00C04F79EFBC}") = "Tyuiu.ZainagabdinovR.A.Sprint0.Task0.V0", "Tyuiu.ZainagabdinovR.A.Sprint0.Task0.V0\Tyuiu.ZainagabdinovR.A.Sprint0.Task0.V0.csproj", "{279C5605-402C-4DE5-B3CF-CA137B759E32}"
EndProject
Project("{2150E333-8FDC-42A3-9474-1A3956D46DE8}") = "Task1", "Task1", "{B35B8938-CBB1-4BF0-A49A-8A663D2C30E0}"
EndProject
Project("{FAE04EC0-301F-11D3-BF4B-00C04F79EFBC}") = "Tyuiu.ZainagabdinovR.A.Sprint0.Task1.V0", "Tyuiu.ZainagabdinovR.A.Sprint0.Task1.V0\Tyuiu.ZainagabdinovR.A.Sprint0.Task1.V0.csproj", "{89302DC1-5B29-4E5B-9C23-F693AA901129}"
EndProject
Project("{2150E333-8FDC-42A3-9474-1A3956D46DE8}") = "Task2", "Task2", "{C335AB78-BFCA-4524-A253-051A7D794763}"
EndProject
Project("{FAE04EC0-301F-11D3-BF4B-00C04F79EFBC}") = "Tyuiu.ZainagabdinovR.A.Sprint0.Task2.V0", "Tyuiu.ZainagabdinovR.A.Sprint0.Task2.V0\Tyuiu.ZainagabdinovR.A.Sprint0.Task2.V0.csproj", "{3710DADF-2AD7-43DB-839B-E05CE72D0E84}"
EndProject
Project("{FAE04EC0-301F-11D3-BF4B-00C04F79EFBC}") = "Tyuiu.ZainagabdinovR.A.Sprint0.Task2.V0.Lib", "Tyuiu.ZainagabdinovR.A.Sprint0.Task2.V0.Lib\Tyuiu.ZainagabdinovR.A.Sprint0.Task2.V0.Lib.csproj", "{FD9DEF10-D541-4803-BA30-F3C55EAC683F}"
EndProject
Project("{FAE04EC0-301F-11D3-BF4B-00C04F79EFBC}") = "Tyuiu.ZainagabdinovR.A.Sprint0.Task2.V0.Test", "Tyuiu.ZainagabdinovR.A.Sprint0.Task2.V0.Test\Tyuiu.ZainagabdinovR.A.Sprint0.Task2.V0.Test.csproj", "{ACDE2027-EC2D-4DC1-9FE4-D71BABC68ABD}"
EndProject
Global
	GlobalSection(SolutionConfigurationPlatforms) = preSolution
		Debug|Any CPU = Debug|Any CPU
		Release|Any CPU = Release|Any CPU
	EndGlobalSection
	GlobalSection(ProjectConfigurationPlatforms) = postSolution
		{279C5605-402C-4DE5-B3CF-CA137B759E32}.Debug|Any CPU.ActiveCfg = Debug|Any CPU
		{279C5605-402C-4DE5-B3CF-CA137B759E32}.Debug|Any CPU.Build.0 = Debug|Any CPU
		{279C5605-402C-4DE5-B3CF-CA137B759E32}.Release|Any CPU.ActiveCfg = Release|Any CPU
		{279C5605-402C-4DE5-B3CF-CA137B759E32}.Release|Any CPU.Build.0 = Release|Any CPU
		{89302DC1-5B29-4E5B-9C23-F693AA901129}.Debug|Any CPU.ActiveCfg = Debug|Any CPU
		{89302DC1-5B29-4E5B-9C23-F693AA901129}.Debug|Any CPU.Build.0 = Debug|Any CPU
		{89302DC1-5B29-4E5B-9C23-F693AA901129}.Release|Any CPU.ActiveCfg = Release|Any CPU
		{89302DC1-5B29-4E5B-9C23-F693AA901129}.Release|Any CPU.Build.0 = Release|Any CPU
		{3710DADF-2AD7-43DB-839B-E05CE72D0E84}.Debug|Any CPU.ActiveCfg = Debug|Any CPU
		{3710DADF-2AD7-43DB-839B-E05CE72D0E84}.Debug|Any CPU.Build.0 = Debug|Any CPU
		{3710DADF-2AD7-43DB-839B-E05CE72D0E84}.Release|Any CPU.ActiveCfg = Release|Any CPU
		{3710DADF-2AD7-43DB-839B-E05CE72D0E84}.Release|Any CPU.Build.0 = Release|Any CPU
		{FD9DEF10-D541-4803-BA30-F3C55EAC683F}.Debug|Any CPU.ActiveCfg = Debug|Any CPU
		{FD9DEF10-D541-4803-BA30-F3C55EAC683F}.Debug|Any CPU.Build.0 = Debug|Any CPU
		{FD9DEF10-D541-4803-BA30-F3C55EAC683F}.Release|Any CPU.ActiveCfg = Release|Any CPU
		{FD9DEF10-D541-4803-BA30-F3C55EAC683F}.Release|Any CPU.Build.0 = Release|Any CPU
		{ACDE2027-EC2D-4DC1-9FE4-D71BABC68ABD}.Debug|Any CPU.ActiveCfg = Debug|Any CPU
		{ACDE2027-EC2D-4DC1-9FE4-D71BABC68ABD}.Debug|Any CPU.Build.0 = Debug|Any CPU
		{ACDE2027-EC2D-4DC1-9FE4-D71BABC68ABD}.Release|Any CPU.ActiveCfg = Release|Any CPU
		{ACDE2027-EC2D-4DC1-9FE4-D71BABC68ABD}.Release|Any CPU.Build.0 = Release|Any CPU
	EndGlobalSection
	GlobalSection(SolutionProperties) = preSolution
		HideSolutionNode = FALSE
	EndGlobalSection
	GlobalSection(NestedProjects) = preSolution
		{279C5605-402C-4DE5-B3CF-CA137B759E32} = {81C4EAD3-D52A-42E4-9267-4DB4078CA5DA}
		{89302DC1-5B29-4E5B-9C23-F693AA901129} = {B35B8938-CBB1-4BF0-A49A-8A663D2C30E0}
		{3710DADF-2AD7-43DB-839B-E05CE72D0E84} = {C335AB78-BFCA-4524-A253-051A7D794763}
		{FD9DEF10-D541-4803-BA30-F3C55EAC683F} = {C335AB78-BFCA-4524-A253-051A7D794763}
		{ACDE2027-EC2D-4DC1-9FE4-D71BABC68ABD} = {C335AB78-BFCA-4524-A253-051A7D794763}
	EndGlobalSection
	GlobalSection(ExtensibilityGlobals) = postSolution
		SolutionGuid = {4C5C3908-B327-4CBF-911D-581975FC49B2}
	EndGlobalSection
EndGlobal
